// !$*UTF8*$!
{
	archiveVersion = 1;
	classes = {
	};
	objectVersion = 56;
	objects = {

/* Begin PBXBuildFile section */
		B620CCFC29192559002CE764 /* OnboardingPageViewController.swift in Sources */ = {isa = PBXBuildFile; fileRef = B620CCFB29192559002CE764 /* OnboardingPageViewController.swift */; };
		B620CCFE291925D2002CE764 /* OnboardingViewController.swift in Sources */ = {isa = PBXBuildFile; fileRef = B620CCFD291925D2002CE764 /* OnboardingViewController.swift */; };
		B620CD0529192BFE002CE764 /* ImageSet.swift in Sources */ = {isa = PBXBuildFile; fileRef = B620CD0429192BFE002CE764 /* ImageSet.swift */; };
		B620CD0829193540002CE764 /* UIImage+Extension.swift in Sources */ = {isa = PBXBuildFile; fileRef = B620CD0729193540002CE764 /* UIImage+Extension.swift */; };
		B620CD0A29194C9C002CE764 /* TextSet.swift in Sources */ = {isa = PBXBuildFile; fileRef = B620CD0929194C9C002CE764 /* TextSet.swift */; };
		B620CD0C29194F34002CE764 /* String+Extension.swift in Sources */ = {isa = PBXBuildFile; fileRef = B620CD0B29194F34002CE764 /* String+Extension.swift */; };
		B620CD0E2919532E002CE764 /* UILabel+Extension.swift in Sources */ = {isa = PBXBuildFile; fileRef = B620CD0D2919532E002CE764 /* UILabel+Extension.swift */; };
		B620CD1029195449002CE764 /* ColorSet.swift in Sources */ = {isa = PBXBuildFile; fileRef = B620CD0F29195449002CE764 /* ColorSet.swift */; };
		B620CD122919572E002CE764 /* UIColor+Extension.swift in Sources */ = {isa = PBXBuildFile; fileRef = B620CD112919572E002CE764 /* UIColor+Extension.swift */; };
		B620CD1629195CBC002CE764 /* CustomView.swift in Sources */ = {isa = PBXBuildFile; fileRef = B620CD1529195CBC002CE764 /* CustomView.swift */; };
		B620CD19291965F3002CE764 /* LoginViewModel.swift in Sources */ = {isa = PBXBuildFile; fileRef = B620CD18291965F2002CE764 /* LoginViewModel.swift */; };
		B620CD1B291979F8002CE764 /* AuthViewController.swift in Sources */ = {isa = PBXBuildFile; fileRef = B620CD1A291979F8002CE764 /* AuthViewController.swift */; };
		B620CD1D291979FF002CE764 /* AuthViewModel.swift in Sources */ = {isa = PBXBuildFile; fileRef = B620CD1C291979FF002CE764 /* AuthViewModel.swift */; };
		B620CD21291A8CFB002CE764 /* Toast in Frameworks */ = {isa = PBXBuildFile; productRef = B620CD20291A8CFB002CE764 /* Toast */; };
		B62A8A7E2926B7C300D84D79 /* CustomAnnotation.swift in Sources */ = {isa = PBXBuildFile; fileRef = B62A8A7D2926B7C300D84D79 /* CustomAnnotation.swift */; };
		B62A8A802926C56500D84D79 /* SearchSesac.swift in Sources */ = {isa = PBXBuildFile; fileRef = B62A8A7F2926C56500D84D79 /* SearchSesac.swift */; };
		B62A8A822926C72F00D84D79 /* StudySearchViewController.swift in Sources */ = {isa = PBXBuildFile; fileRef = B62A8A812926C72F00D84D79 /* StudySearchViewController.swift */; };
		B62A8A88292D172D00D84D79 /* StudySearchCollectionViewCell.swift in Sources */ = {isa = PBXBuildFile; fileRef = B62A8A87292D172D00D84D79 /* StudySearchCollectionViewCell.swift */; };
		B62A8A8A292D517E00D84D79 /* StudyListLayout.swift in Sources */ = {isa = PBXBuildFile; fileRef = B62A8A89292D517E00D84D79 /* StudyListLayout.swift */; };
		B62A8A8C292D59EC00D84D79 /* StudySearchCollectionViewHeader.swift in Sources */ = {isa = PBXBuildFile; fileRef = B62A8A8B292D59EC00D84D79 /* StudySearchCollectionViewHeader.swift */; };
		B62A8A90292E64DA00D84D79 /* StudySearchViewModel.swift in Sources */ = {isa = PBXBuildFile; fileRef = B62A8A8F292E64DA00D84D79 /* StudySearchViewModel.swift */; };
		B62A8A92292F128500D84D79 /* Sequence+Extension.swift in Sources */ = {isa = PBXBuildFile; fileRef = B62A8A91292F128500D84D79 /* Sequence+Extension.swift */; };
		B62A8A94292FA09E00D84D79 /* SearchResultViewController.swift in Sources */ = {isa = PBXBuildFile; fileRef = B62A8A93292FA09E00D84D79 /* SearchResultViewController.swift */; };
		B62A8A96292FA0AA00D84D79 /* SearchResultViewModel.swift in Sources */ = {isa = PBXBuildFile; fileRef = B62A8A95292FA0AA00D84D79 /* SearchResultViewModel.swift */; };
		B62A8A99292FB56800D84D79 /* Tabman in Frameworks */ = {isa = PBXBuildFile; productRef = B62A8A98292FB56800D84D79 /* Tabman */; };
		B62A8A9B292FB7AD00D84D79 /* SearchResultTableViewCell.swift in Sources */ = {isa = PBXBuildFile; fileRef = B62A8A9A292FB7AD00D84D79 /* SearchResultTableViewCell.swift */; };
		B62A8A9D292FB97900D84D79 /* CardView.swift in Sources */ = {isa = PBXBuildFile; fileRef = B62A8A9C292FB97900D84D79 /* CardView.swift */; };
		B66514A32938346A00B634C9 /* OtherUserChatTableViewCell.swift in Sources */ = {isa = PBXBuildFile; fileRef = B66514A22938346A00B634C9 /* OtherUserChatTableViewCell.swift */; };
		B66514AB29388E7B00B634C9 /* MyChatTableViewCell.swift in Sources */ = {isa = PBXBuildFile; fileRef = B66514AA29388E7B00B634C9 /* MyChatTableViewCell.swift */; };
		B66514AF29389BEA00B634C9 /* SocketIOManager.swift in Sources */ = {isa = PBXBuildFile; fileRef = B66514AE29389BEA00B634C9 /* SocketIOManager.swift */; };
		B66514B229389C2400B634C9 /* SocketIO in Frameworks */ = {isa = PBXBuildFile; productRef = B66514B129389C2400B634C9 /* SocketIO */; };
		B66DD166291DAD910095BE9B /* UserDefaults+Extension.swift in Sources */ = {isa = PBXBuildFile; fileRef = B66DD165291DAD910095BE9B /* UserDefaults+Extension.swift */; };
		B66DD169291DB43F0095BE9B /* FirebaseAuth.swift in Sources */ = {isa = PBXBuildFile; fileRef = B66DD168291DB43F0095BE9B /* FirebaseAuth.swift */; };
		B66DD16B291DE90C0095BE9B /* GoogleService-Info.plist in Resources */ = {isa = PBXBuildFile; fileRef = B66DD16A291DE90C0095BE9B /* GoogleService-Info.plist */; };
		B66DD16D291DEEFA0095BE9B /* APIManager.swift in Sources */ = {isa = PBXBuildFile; fileRef = B66DD16C291DEEFA0095BE9B /* APIManager.swift */; };
		B66DD170291EA5090095BE9B /* Alamofire in Frameworks */ = {isa = PBXBuildFile; productRef = B66DD16F291EA5090095BE9B /* Alamofire */; };
		B66DD173291EA55B0095BE9B /* FirebaseAuth in Frameworks */ = {isa = PBXBuildFile; productRef = B66DD172291EA55B0095BE9B /* FirebaseAuth */; };
		B66DD175291EA55B0095BE9B /* FirebaseMessaging in Frameworks */ = {isa = PBXBuildFile; productRef = B66DD174291EA55B0095BE9B /* FirebaseMessaging */; };
		B66DD177291F876A0095BE9B /* Endpoint.swift in Sources */ = {isa = PBXBuildFile; fileRef = B66DD176291F876A0095BE9B /* Endpoint.swift */; };
		B66DD179291FB78F0095BE9B /* Date+Extension.swift in Sources */ = {isa = PBXBuildFile; fileRef = B66DD178291FB78F0095BE9B /* Date+Extension.swift */; };
		B67BDE03292102700080EE89 /* NetworkCheck.swift in Sources */ = {isa = PBXBuildFile; fileRef = B67BDE02292102700080EE89 /* NetworkCheck.swift */; };
		B67BDE05292106A20080EE89 /* ManageMypageViewModel.swift in Sources */ = {isa = PBXBuildFile; fileRef = B67BDE04292106A20080EE89 /* ManageMypageViewModel.swift */; };
		B67BDE072921D4E00080EE89 /* HomeViewController.swift in Sources */ = {isa = PBXBuildFile; fileRef = B67BDE062921D4E00080EE89 /* HomeViewController.swift */; };
		B67BDE2929224A1E0080EE89 /* MypageTableViewCell.swift in Sources */ = {isa = PBXBuildFile; fileRef = B67BDE2829224A1E0080EE89 /* MypageTableViewCell.swift */; };
		B67BDE2B29224AFF0080EE89 /* ManageMypageViewController.swift in Sources */ = {isa = PBXBuildFile; fileRef = B67BDE2A29224AFF0080EE89 /* ManageMypageViewController.swift */; };
		B67BDE2D29224BB30080EE89 /* MypageNicknameTableViewCell.swift in Sources */ = {isa = PBXBuildFile; fileRef = B67BDE2C29224BB30080EE89 /* MypageNicknameTableViewCell.swift */; };
		B67BDE2F29224C480080EE89 /* Mypage.swift in Sources */ = {isa = PBXBuildFile; fileRef = B67BDE2E29224C480080EE89 /* Mypage.swift */; };
		B67BDE31292269C60080EE89 /* ResusableView.swift in Sources */ = {isa = PBXBuildFile; fileRef = B67BDE30292269C60080EE89 /* ResusableView.swift */; };
		B67BDE342923F00E0080EE89 /* DoubleSlider in Frameworks */ = {isa = PBXBuildFile; productRef = B67BDE332923F00E0080EE89 /* DoubleSlider */; };
		B67BDE3629245A2B0080EE89 /* UpdateUserInfo.swift in Sources */ = {isa = PBXBuildFile; fileRef = B67BDE3529245A2B0080EE89 /* UpdateUserInfo.swift */; };
		B691FD71291BE22C00FC47F4 /* NicknameViewController.swift in Sources */ = {isa = PBXBuildFile; fileRef = B691FD70291BE22C00FC47F4 /* NicknameViewController.swift */; };
		B691FD73291BE23B00FC47F4 /* BirthViewController.swift in Sources */ = {isa = PBXBuildFile; fileRef = B691FD72291BE23B00FC47F4 /* BirthViewController.swift */; };
		B691FD75291BE24500FC47F4 /* EmailViewController.swift in Sources */ = {isa = PBXBuildFile; fileRef = B691FD74291BE24500FC47F4 /* EmailViewController.swift */; };
		B691FD77291BE24E00FC47F4 /* GenderViewController.swift in Sources */ = {isa = PBXBuildFile; fileRef = B691FD76291BE24E00FC47F4 /* GenderViewController.swift */; };
		B691FD79291BF40200FC47F4 /* NicknameViewModel.swift in Sources */ = {isa = PBXBuildFile; fileRef = B691FD78291BF40200FC47F4 /* NicknameViewModel.swift */; };
		B691FD7D291C1A6F00FC47F4 /* BirthViewModel.swift in Sources */ = {isa = PBXBuildFile; fileRef = B691FD7C291C1A6F00FC47F4 /* BirthViewModel.swift */; };
		B691FD7F291C1A7800FC47F4 /* EmailViewModel.swift in Sources */ = {isa = PBXBuildFile; fileRef = B691FD7E291C1A7800FC47F4 /* EmailViewModel.swift */; };
		B691FD81291C1A7F00FC47F4 /* GenderViewModel.swift in Sources */ = {isa = PBXBuildFile; fileRef = B691FD80291C1A7F00FC47F4 /* GenderViewModel.swift */; };
		B692E3DC2919132100BEAF22 /* AppDelegate.swift in Sources */ = {isa = PBXBuildFile; fileRef = B692E3DB2919132100BEAF22 /* AppDelegate.swift */; };
		B692E3DE2919132100BEAF22 /* SceneDelegate.swift in Sources */ = {isa = PBXBuildFile; fileRef = B692E3DD2919132100BEAF22 /* SceneDelegate.swift */; };
		B692E3E02919132100BEAF22 /* LoginViewController.swift in Sources */ = {isa = PBXBuildFile; fileRef = B692E3DF2919132100BEAF22 /* LoginViewController.swift */; };
		B692E3E52919132300BEAF22 /* Assets.xcassets in Resources */ = {isa = PBXBuildFile; fileRef = B692E3E42919132300BEAF22 /* Assets.xcassets */; };
		B692E3F1291913B800BEAF22 /* SnapKit in Frameworks */ = {isa = PBXBuildFile; productRef = B692E3F0291913B800BEAF22 /* SnapKit */; };
		B692E3F4291913C700BEAF22 /* RxCocoa in Frameworks */ = {isa = PBXBuildFile; productRef = B692E3F3291913C700BEAF22 /* RxCocoa */; };
		B692E3F6291913C700BEAF22 /* RxSwift in Frameworks */ = {isa = PBXBuildFile; productRef = B692E3F5291913C700BEAF22 /* RxSwift */; };
		B692E3F8291913DF00BEAF22 /* LaunchScreen.storyboard in Resources */ = {isa = PBXBuildFile; fileRef = B692E3F7291913DF00BEAF22 /* LaunchScreen.storyboard */; };
		B69B8805291FCD8A002ECA23 /* APIStatusCode.swift in Sources */ = {isa = PBXBuildFile; fileRef = B69B8804291FCD8A002ECA23 /* APIStatusCode.swift */; };
		B69B8808291FD5EC002ECA23 /* UserInfo.swift in Sources */ = {isa = PBXBuildFile; fileRef = B69B8807291FD5EC002ECA23 /* UserInfo.swift */; };
		B69B880B291FDF10002ECA23 /* MainTabBarController.swift in Sources */ = {isa = PBXBuildFile; fileRef = B69B880A291FDF10002ECA23 /* MainTabBarController.swift */; };
		B69B880F291FFB48002ECA23 /* MypageViewController.swift in Sources */ = {isa = PBXBuildFile; fileRef = B69B880E291FFB48002ECA23 /* MypageViewController.swift */; };
		B69B88112920E9D8002ECA23 /* LaunchViewController.swift in Sources */ = {isa = PBXBuildFile; fileRef = B69B88102920E9D8002ECA23 /* LaunchViewController.swift */; };
		B69B88132920F76B002ECA23 /* UINavigationController+Extension.swift in Sources */ = {isa = PBXBuildFile; fileRef = B69B88122920F76B002ECA23 /* UINavigationController+Extension.swift */; };
		B69B88152920FBE2002ECA23 /* UIViewController+Extension.swift in Sources */ = {isa = PBXBuildFile; fileRef = B69B88142920FBE2002ECA23 /* UIViewController+Extension.swift */; };
		B6A0BA7E2938C51100775CAF /* Chat.swift in Sources */ = {isa = PBXBuildFile; fileRef = B6A0BA7D2938C51100775CAF /* Chat.swift */; };
		B6B7DE4929339E7D007B2D29 /* SearchTabmanViewController.swift in Sources */ = {isa = PBXBuildFile; fileRef = B6B7DE4829339E7D007B2D29 /* SearchTabmanViewController.swift */; };
		B6B7DE4B2933A319007B2D29 /* NearbyViewController.swift in Sources */ = {isa = PBXBuildFile; fileRef = B6B7DE4A2933A319007B2D29 /* NearbyViewController.swift */; };
		B6B7DE4D2933A32E007B2D29 /* RequestReceivedViewController.swift in Sources */ = {isa = PBXBuildFile; fileRef = B6B7DE4C2933A32E007B2D29 /* RequestReceivedViewController.swift */; };
		B6B7DE5029342F42007B2D29 /* ChattingViewController.swift in Sources */ = {isa = PBXBuildFile; fileRef = B6B7DE4F29342F42007B2D29 /* ChattingViewController.swift */; };
		B6B7DE5229342F69007B2D29 /* ChattingViewModel.swift in Sources */ = {isa = PBXBuildFile; fileRef = B6B7DE5129342F69007B2D29 /* ChattingViewModel.swift */; };
		B6B7DE76293506F3007B2D29 /* NearbyViewModel.swift in Sources */ = {isa = PBXBuildFile; fileRef = B6B7DE75293506F3007B2D29 /* NearbyViewModel.swift */; };
		B6B7DE782935070B007B2D29 /* RequestReceivedViewModel.swift in Sources */ = {isa = PBXBuildFile; fileRef = B6B7DE772935070B007B2D29 /* RequestReceivedViewModel.swift */; };
		B6B7DE7A293510A7007B2D29 /* State.swift in Sources */ = {isa = PBXBuildFile; fileRef = B6B7DE79293510A7007B2D29 /* State.swift */; };
/* End PBXBuildFile section */

/* Begin PBXFileReference section */
		B620CCFB29192559002CE764 /* OnboardingPageViewController.swift */ = {isa = PBXFileReference; lastKnownFileType = sourcecode.swift; path = OnboardingPageViewController.swift; sourceTree = "<group>"; };
		B620CCFD291925D2002CE764 /* OnboardingViewController.swift */ = {isa = PBXFileReference; lastKnownFileType = sourcecode.swift; path = OnboardingViewController.swift; sourceTree = "<group>"; };
		B620CD0429192BFE002CE764 /* ImageSet.swift */ = {isa = PBXFileReference; lastKnownFileType = sourcecode.swift; path = ImageSet.swift; sourceTree = "<group>"; };
		B620CD0729193540002CE764 /* UIImage+Extension.swift */ = {isa = PBXFileReference; lastKnownFileType = sourcecode.swift; path = "UIImage+Extension.swift"; sourceTree = "<group>"; };
		B620CD0929194C9C002CE764 /* TextSet.swift */ = {isa = PBXFileReference; lastKnownFileType = sourcecode.swift; path = TextSet.swift; sourceTree = "<group>"; };
		B620CD0B29194F34002CE764 /* String+Extension.swift */ = {isa = PBXFileReference; lastKnownFileType = sourcecode.swift; path = "String+Extension.swift"; sourceTree = "<group>"; };
		B620CD0D2919532E002CE764 /* UILabel+Extension.swift */ = {isa = PBXFileReference; lastKnownFileType = sourcecode.swift; path = "UILabel+Extension.swift"; sourceTree = "<group>"; };
		B620CD0F29195449002CE764 /* ColorSet.swift */ = {isa = PBXFileReference; lastKnownFileType = sourcecode.swift; path = ColorSet.swift; sourceTree = "<group>"; };
		B620CD112919572E002CE764 /* UIColor+Extension.swift */ = {isa = PBXFileReference; lastKnownFileType = sourcecode.swift; path = "UIColor+Extension.swift"; sourceTree = "<group>"; };
		B620CD1529195CBC002CE764 /* CustomView.swift */ = {isa = PBXFileReference; lastKnownFileType = sourcecode.swift; path = CustomView.swift; sourceTree = "<group>"; };
		B620CD18291965F2002CE764 /* LoginViewModel.swift */ = {isa = PBXFileReference; lastKnownFileType = sourcecode.swift; path = LoginViewModel.swift; sourceTree = "<group>"; };
		B620CD1A291979F8002CE764 /* AuthViewController.swift */ = {isa = PBXFileReference; lastKnownFileType = sourcecode.swift; path = AuthViewController.swift; sourceTree = "<group>"; };
		B620CD1C291979FF002CE764 /* AuthViewModel.swift */ = {isa = PBXFileReference; lastKnownFileType = sourcecode.swift; path = AuthViewModel.swift; sourceTree = "<group>"; };
		B62A8A7D2926B7C300D84D79 /* CustomAnnotation.swift */ = {isa = PBXFileReference; lastKnownFileType = sourcecode.swift; path = CustomAnnotation.swift; sourceTree = "<group>"; };
		B62A8A7F2926C56500D84D79 /* SearchSesac.swift */ = {isa = PBXFileReference; lastKnownFileType = sourcecode.swift; path = SearchSesac.swift; sourceTree = "<group>"; };
		B62A8A812926C72F00D84D79 /* StudySearchViewController.swift */ = {isa = PBXFileReference; lastKnownFileType = sourcecode.swift; path = StudySearchViewController.swift; sourceTree = "<group>"; };
		B62A8A87292D172D00D84D79 /* StudySearchCollectionViewCell.swift */ = {isa = PBXFileReference; lastKnownFileType = sourcecode.swift; path = StudySearchCollectionViewCell.swift; sourceTree = "<group>"; };
		B62A8A89292D517E00D84D79 /* StudyListLayout.swift */ = {isa = PBXFileReference; lastKnownFileType = sourcecode.swift; path = StudyListLayout.swift; sourceTree = "<group>"; };
		B62A8A8B292D59EC00D84D79 /* StudySearchCollectionViewHeader.swift */ = {isa = PBXFileReference; lastKnownFileType = sourcecode.swift; path = StudySearchCollectionViewHeader.swift; sourceTree = "<group>"; };
		B62A8A8F292E64DA00D84D79 /* StudySearchViewModel.swift */ = {isa = PBXFileReference; lastKnownFileType = sourcecode.swift; path = StudySearchViewModel.swift; sourceTree = "<group>"; };
		B62A8A91292F128500D84D79 /* Sequence+Extension.swift */ = {isa = PBXFileReference; lastKnownFileType = sourcecode.swift; path = "Sequence+Extension.swift"; sourceTree = "<group>"; };
		B62A8A93292FA09E00D84D79 /* SearchResultViewController.swift */ = {isa = PBXFileReference; lastKnownFileType = sourcecode.swift; path = SearchResultViewController.swift; sourceTree = "<group>"; };
		B62A8A95292FA0AA00D84D79 /* SearchResultViewModel.swift */ = {isa = PBXFileReference; lastKnownFileType = sourcecode.swift; path = SearchResultViewModel.swift; sourceTree = "<group>"; };
		B62A8A9A292FB7AD00D84D79 /* SearchResultTableViewCell.swift */ = {isa = PBXFileReference; lastKnownFileType = sourcecode.swift; path = SearchResultTableViewCell.swift; sourceTree = "<group>"; };
		B62A8A9C292FB97900D84D79 /* CardView.swift */ = {isa = PBXFileReference; lastKnownFileType = sourcecode.swift; path = CardView.swift; sourceTree = "<group>"; };
		B66514A22938346A00B634C9 /* OtherUserChatTableViewCell.swift */ = {isa = PBXFileReference; lastKnownFileType = sourcecode.swift; path = OtherUserChatTableViewCell.swift; sourceTree = "<group>"; };
		B66514AA29388E7B00B634C9 /* MyChatTableViewCell.swift */ = {isa = PBXFileReference; lastKnownFileType = sourcecode.swift; path = MyChatTableViewCell.swift; sourceTree = "<group>"; };
		B66514AE29389BEA00B634C9 /* SocketIOManager.swift */ = {isa = PBXFileReference; lastKnownFileType = sourcecode.swift; path = SocketIOManager.swift; sourceTree = "<group>"; };
		B66DD165291DAD910095BE9B /* UserDefaults+Extension.swift */ = {isa = PBXFileReference; lastKnownFileType = sourcecode.swift; path = "UserDefaults+Extension.swift"; sourceTree = "<group>"; };
		B66DD168291DB43F0095BE9B /* FirebaseAuth.swift */ = {isa = PBXFileReference; lastKnownFileType = sourcecode.swift; path = FirebaseAuth.swift; sourceTree = "<group>"; };
		B66DD16A291DE90C0095BE9B /* GoogleService-Info.plist */ = {isa = PBXFileReference; fileEncoding = 4; lastKnownFileType = text.plist.xml; path = "GoogleService-Info.plist"; sourceTree = "<group>"; };
		B66DD16C291DEEFA0095BE9B /* APIManager.swift */ = {isa = PBXFileReference; lastKnownFileType = sourcecode.swift; path = APIManager.swift; sourceTree = "<group>"; };
		B66DD176291F876A0095BE9B /* Endpoint.swift */ = {isa = PBXFileReference; lastKnownFileType = sourcecode.swift; path = Endpoint.swift; sourceTree = "<group>"; };
		B66DD178291FB78F0095BE9B /* Date+Extension.swift */ = {isa = PBXFileReference; lastKnownFileType = sourcecode.swift; path = "Date+Extension.swift"; sourceTree = "<group>"; };
		B67BDE02292102700080EE89 /* NetworkCheck.swift */ = {isa = PBXFileReference; lastKnownFileType = sourcecode.swift; path = NetworkCheck.swift; sourceTree = "<group>"; };
		B67BDE04292106A20080EE89 /* ManageMypageViewModel.swift */ = {isa = PBXFileReference; lastKnownFileType = sourcecode.swift; path = ManageMypageViewModel.swift; sourceTree = "<group>"; };
		B67BDE062921D4E00080EE89 /* HomeViewController.swift */ = {isa = PBXFileReference; lastKnownFileType = sourcecode.swift; path = HomeViewController.swift; sourceTree = "<group>"; };
		B67BDE2829224A1E0080EE89 /* MypageTableViewCell.swift */ = {isa = PBXFileReference; lastKnownFileType = sourcecode.swift; path = MypageTableViewCell.swift; sourceTree = "<group>"; };
		B67BDE2A29224AFF0080EE89 /* ManageMypageViewController.swift */ = {isa = PBXFileReference; lastKnownFileType = sourcecode.swift; path = ManageMypageViewController.swift; sourceTree = "<group>"; };
		B67BDE2C29224BB30080EE89 /* MypageNicknameTableViewCell.swift */ = {isa = PBXFileReference; lastKnownFileType = sourcecode.swift; path = MypageNicknameTableViewCell.swift; sourceTree = "<group>"; };
		B67BDE2E29224C480080EE89 /* Mypage.swift */ = {isa = PBXFileReference; lastKnownFileType = sourcecode.swift; path = Mypage.swift; sourceTree = "<group>"; };
		B67BDE30292269C60080EE89 /* ResusableView.swift */ = {isa = PBXFileReference; lastKnownFileType = sourcecode.swift; path = ResusableView.swift; sourceTree = "<group>"; };
		B67BDE3529245A2B0080EE89 /* UpdateUserInfo.swift */ = {isa = PBXFileReference; lastKnownFileType = sourcecode.swift; path = UpdateUserInfo.swift; sourceTree = "<group>"; };
		B691FD6B291ACDB700FC47F4 /* ServiceLevelProject.entitlements */ = {isa = PBXFileReference; lastKnownFileType = text.plist.entitlements; path = ServiceLevelProject.entitlements; sourceTree = "<group>"; };
		B691FD70291BE22C00FC47F4 /* NicknameViewController.swift */ = {isa = PBXFileReference; lastKnownFileType = sourcecode.swift; path = NicknameViewController.swift; sourceTree = "<group>"; };
		B691FD72291BE23B00FC47F4 /* BirthViewController.swift */ = {isa = PBXFileReference; lastKnownFileType = sourcecode.swift; path = BirthViewController.swift; sourceTree = "<group>"; };
		B691FD74291BE24500FC47F4 /* EmailViewController.swift */ = {isa = PBXFileReference; lastKnownFileType = sourcecode.swift; path = EmailViewController.swift; sourceTree = "<group>"; };
		B691FD76291BE24E00FC47F4 /* GenderViewController.swift */ = {isa = PBXFileReference; lastKnownFileType = sourcecode.swift; path = GenderViewController.swift; sourceTree = "<group>"; };
		B691FD78291BF40200FC47F4 /* NicknameViewModel.swift */ = {isa = PBXFileReference; lastKnownFileType = sourcecode.swift; path = NicknameViewModel.swift; sourceTree = "<group>"; };
		B691FD7C291C1A6F00FC47F4 /* BirthViewModel.swift */ = {isa = PBXFileReference; lastKnownFileType = sourcecode.swift; path = BirthViewModel.swift; sourceTree = "<group>"; };
		B691FD7E291C1A7800FC47F4 /* EmailViewModel.swift */ = {isa = PBXFileReference; lastKnownFileType = sourcecode.swift; path = EmailViewModel.swift; sourceTree = "<group>"; };
		B691FD80291C1A7F00FC47F4 /* GenderViewModel.swift */ = {isa = PBXFileReference; lastKnownFileType = sourcecode.swift; path = GenderViewModel.swift; sourceTree = "<group>"; };
		B692E3D82919132100BEAF22 /* ServiceLevelProject.app */ = {isa = PBXFileReference; explicitFileType = wrapper.application; includeInIndex = 0; path = ServiceLevelProject.app; sourceTree = BUILT_PRODUCTS_DIR; };
		B692E3DB2919132100BEAF22 /* AppDelegate.swift */ = {isa = PBXFileReference; lastKnownFileType = sourcecode.swift; path = AppDelegate.swift; sourceTree = "<group>"; };
		B692E3DD2919132100BEAF22 /* SceneDelegate.swift */ = {isa = PBXFileReference; lastKnownFileType = sourcecode.swift; path = SceneDelegate.swift; sourceTree = "<group>"; };
		B692E3DF2919132100BEAF22 /* LoginViewController.swift */ = {isa = PBXFileReference; lastKnownFileType = sourcecode.swift; path = LoginViewController.swift; sourceTree = "<group>"; };
		B692E3E42919132300BEAF22 /* Assets.xcassets */ = {isa = PBXFileReference; lastKnownFileType = folder.assetcatalog; path = Assets.xcassets; sourceTree = "<group>"; };
		B692E3E92919132300BEAF22 /* Info.plist */ = {isa = PBXFileReference; lastKnownFileType = text.plist.xml; path = Info.plist; sourceTree = "<group>"; };
		B692E3F7291913DF00BEAF22 /* LaunchScreen.storyboard */ = {isa = PBXFileReference; fileEncoding = 4; lastKnownFileType = file.storyboard; path = LaunchScreen.storyboard; sourceTree = "<group>"; };
		B69B8804291FCD8A002ECA23 /* APIStatusCode.swift */ = {isa = PBXFileReference; lastKnownFileType = sourcecode.swift; path = APIStatusCode.swift; sourceTree = "<group>"; };
		B69B8807291FD5EC002ECA23 /* UserInfo.swift */ = {isa = PBXFileReference; lastKnownFileType = sourcecode.swift; path = UserInfo.swift; sourceTree = "<group>"; };
		B69B880A291FDF10002ECA23 /* MainTabBarController.swift */ = {isa = PBXFileReference; lastKnownFileType = sourcecode.swift; path = MainTabBarController.swift; sourceTree = "<group>"; };
		B69B880E291FFB48002ECA23 /* MypageViewController.swift */ = {isa = PBXFileReference; lastKnownFileType = sourcecode.swift; path = MypageViewController.swift; sourceTree = "<group>"; };
		B69B88102920E9D8002ECA23 /* LaunchViewController.swift */ = {isa = PBXFileReference; lastKnownFileType = sourcecode.swift; path = LaunchViewController.swift; sourceTree = "<group>"; };
		B69B88122920F76B002ECA23 /* UINavigationController+Extension.swift */ = {isa = PBXFileReference; lastKnownFileType = sourcecode.swift; path = "UINavigationController+Extension.swift"; sourceTree = "<group>"; };
		B69B88142920FBE2002ECA23 /* UIViewController+Extension.swift */ = {isa = PBXFileReference; lastKnownFileType = sourcecode.swift; path = "UIViewController+Extension.swift"; sourceTree = "<group>"; };
		B6A0BA7D2938C51100775CAF /* Chat.swift */ = {isa = PBXFileReference; lastKnownFileType = sourcecode.swift; path = Chat.swift; sourceTree = "<group>"; };
		B6B7DE4829339E7D007B2D29 /* SearchTabmanViewController.swift */ = {isa = PBXFileReference; lastKnownFileType = sourcecode.swift; path = SearchTabmanViewController.swift; sourceTree = "<group>"; };
		B6B7DE4A2933A319007B2D29 /* NearbyViewController.swift */ = {isa = PBXFileReference; lastKnownFileType = sourcecode.swift; path = NearbyViewController.swift; sourceTree = "<group>"; };
		B6B7DE4C2933A32E007B2D29 /* RequestReceivedViewController.swift */ = {isa = PBXFileReference; lastKnownFileType = sourcecode.swift; path = RequestReceivedViewController.swift; sourceTree = "<group>"; };
		B6B7DE4F29342F42007B2D29 /* ChattingViewController.swift */ = {isa = PBXFileReference; lastKnownFileType = sourcecode.swift; path = ChattingViewController.swift; sourceTree = "<group>"; };
		B6B7DE5129342F69007B2D29 /* ChattingViewModel.swift */ = {isa = PBXFileReference; lastKnownFileType = sourcecode.swift; path = ChattingViewModel.swift; sourceTree = "<group>"; };
		B6B7DE75293506F3007B2D29 /* NearbyViewModel.swift */ = {isa = PBXFileReference; lastKnownFileType = sourcecode.swift; path = NearbyViewModel.swift; sourceTree = "<group>"; };
		B6B7DE772935070B007B2D29 /* RequestReceivedViewModel.swift */ = {isa = PBXFileReference; lastKnownFileType = sourcecode.swift; path = RequestReceivedViewModel.swift; sourceTree = "<group>"; };
		B6B7DE79293510A7007B2D29 /* State.swift */ = {isa = PBXFileReference; lastKnownFileType = sourcecode.swift; path = State.swift; sourceTree = "<group>"; };
/* End PBXFileReference section */

/* Begin PBXFrameworksBuildPhase section */
		B692E3D52919132100BEAF22 /* Frameworks */ = {
			isa = PBXFrameworksBuildPhase;
			buildActionMask = 2147483647;
			files = (
				B620CD21291A8CFB002CE764 /* Toast in Frameworks */,
				B66DD173291EA55B0095BE9B /* FirebaseAuth in Frameworks */,
				B67BDE342923F00E0080EE89 /* DoubleSlider in Frameworks */,
				B66514B229389C2400B634C9 /* SocketIO in Frameworks */,
				B66DD175291EA55B0095BE9B /* FirebaseMessaging in Frameworks */,
				B692E3F6291913C700BEAF22 /* RxSwift in Frameworks */,
				B62A8A99292FB56800D84D79 /* Tabman in Frameworks */,
				B66DD170291EA5090095BE9B /* Alamofire in Frameworks */,
				B692E3F4291913C700BEAF22 /* RxCocoa in Frameworks */,
				B692E3F1291913B800BEAF22 /* SnapKit in Frameworks */,
			);
			runOnlyForDeploymentPostprocessing = 0;
		};
/* End PBXFrameworksBuildPhase section */

/* Begin PBXGroup section */
		B620CCFA29191D5D002CE764 /* Onboarding */ = {
			isa = PBXGroup;
			children = (
				B620CCFB29192559002CE764 /* OnboardingPageViewController.swift */,
				B620CCFD291925D2002CE764 /* OnboardingViewController.swift */,
			);
			path = Onboarding;
			sourceTree = "<group>";
		};
		B620CD0329192BA9002CE764 /* Utility */ = {
			isa = PBXGroup;
			children = (
				B620CD0429192BFE002CE764 /* ImageSet.swift */,
				B620CD0929194C9C002CE764 /* TextSet.swift */,
				B620CD0F29195449002CE764 /* ColorSet.swift */,
				B62A8A9C292FB97900D84D79 /* CardView.swift */,
				B62A8A7D2926B7C300D84D79 /* CustomAnnotation.swift */,
				B62A8A89292D517E00D84D79 /* StudyListLayout.swift */,
			);
			path = Utility;
			sourceTree = "<group>";
		};
		B620CD0629193522002CE764 /* Extension */ = {
			isa = PBXGroup;
			children = (
				B620CD0B29194F34002CE764 /* String+Extension.swift */,
				B66DD178291FB78F0095BE9B /* Date+Extension.swift */,
				B620CD0729193540002CE764 /* UIImage+Extension.swift */,
				B620CD0D2919532E002CE764 /* UILabel+Extension.swift */,
				B620CD112919572E002CE764 /* UIColor+Extension.swift */,
				B62A8A91292F128500D84D79 /* Sequence+Extension.swift */,
				B66DD165291DAD910095BE9B /* UserDefaults+Extension.swift */,
				B69B88142920FBE2002ECA23 /* UIViewController+Extension.swift */,
				B69B88122920F76B002ECA23 /* UINavigationController+Extension.swift */,
			);
			path = Extension;
			sourceTree = "<group>";
		};
		B620CD1429195C80002CE764 /* Protocol */ = {
			isa = PBXGroup;
			children = (
				B620CD1529195CBC002CE764 /* CustomView.swift */,
				B67BDE30292269C60080EE89 /* ResusableView.swift */,
			);
			path = Protocol;
			sourceTree = "<group>";
		};
		B620CD1729196595002CE764 /* Login */ = {
			isa = PBXGroup;
			children = (
				B620CD1E29197A03002CE764 /* ViewModel */,
				B691FD6C291BDE7B00FC47F4 /* ViewController */,
			);
			path = Login;
			sourceTree = "<group>";
		};
		B620CD1E29197A03002CE764 /* ViewModel */ = {
			isa = PBXGroup;
			children = (
				B620CD18291965F2002CE764 /* LoginViewModel.swift */,
				B620CD1C291979FF002CE764 /* AuthViewModel.swift */,
			);
			path = ViewModel;
			sourceTree = "<group>";
		};
		B62A8A86292D16F700D84D79 /* Cell */ = {
			isa = PBXGroup;
			children = (
				B62A8A87292D172D00D84D79 /* StudySearchCollectionViewCell.swift */,
				B62A8A8B292D59EC00D84D79 /* StudySearchCollectionViewHeader.swift */,
				B62A8A9A292FB7AD00D84D79 /* SearchResultTableViewCell.swift */,
			);
			path = Cell;
			sourceTree = "<group>";
		};
		B66514A12938341800B634C9 /* Cell */ = {
			isa = PBXGroup;
			children = (
				B66514AA29388E7B00B634C9 /* MyChatTableViewCell.swift */,
				B66514A22938346A00B634C9 /* OtherUserChatTableViewCell.swift */,
			);
			path = Cell;
			sourceTree = "<group>";
		};
		B66DD167291DB4140095BE9B /* Network */ = {
			isa = PBXGroup;
			children = (
				B67BDE02292102700080EE89 /* NetworkCheck.swift */,
				B66DD168291DB43F0095BE9B /* FirebaseAuth.swift */,
				B66DD16C291DEEFA0095BE9B /* APIManager.swift */,
				B66DD176291F876A0095BE9B /* Endpoint.swift */,
				B69B8804291FCD8A002ECA23 /* APIStatusCode.swift */,
				B66514AE29389BEA00B634C9 /* SocketIOManager.swift */,
			);
			path = Network;
			sourceTree = "<group>";
		};
		B67BDE0B29220E680080EE89 /* Cell */ = {
			isa = PBXGroup;
			children = (
				B67BDE2C29224BB30080EE89 /* MypageNicknameTableViewCell.swift */,
				B67BDE2829224A1E0080EE89 /* MypageTableViewCell.swift */,
			);
			path = Cell;
			sourceTree = "<group>";
		};
		B67BDE2529220FD80080EE89 /* Home */ = {
			isa = PBXGroup;
			children = (
				B67BDE2729220FF10080EE89 /* ViewModel */,
				B67BDE2629220FE70080EE89 /* ViewController */,
				B62A8A86292D16F700D84D79 /* Cell */,
			);
			path = Home;
			sourceTree = "<group>";
		};
		B67BDE2629220FE70080EE89 /* ViewController */ = {
			isa = PBXGroup;
			children = (
				B67BDE062921D4E00080EE89 /* HomeViewController.swift */,
				B62A8A812926C72F00D84D79 /* StudySearchViewController.swift */,
				B6B7DE4829339E7D007B2D29 /* SearchTabmanViewController.swift */,
				B62A8A93292FA09E00D84D79 /* SearchResultViewController.swift */,
				B6B7DE4A2933A319007B2D29 /* NearbyViewController.swift */,
				B6B7DE4C2933A32E007B2D29 /* RequestReceivedViewController.swift */,
			);
			path = ViewController;
			sourceTree = "<group>";
		};
		B67BDE2729220FF10080EE89 /* ViewModel */ = {
			isa = PBXGroup;
			children = (
				B62A8A8F292E64DA00D84D79 /* StudySearchViewModel.swift */,
				B62A8A95292FA0AA00D84D79 /* SearchResultViewModel.swift */,
				B6B7DE75293506F3007B2D29 /* NearbyViewModel.swift */,
				B6B7DE772935070B007B2D29 /* RequestReceivedViewModel.swift */,
			);
			path = ViewModel;
			sourceTree = "<group>";
		};
		B691FD6C291BDE7B00FC47F4 /* ViewController */ = {
			isa = PBXGroup;
			children = (
				B692E3DF2919132100BEAF22 /* LoginViewController.swift */,
				B620CD1A291979F8002CE764 /* AuthViewController.swift */,
			);
			path = ViewController;
			sourceTree = "<group>";
		};
		B691FD6D291BE1F600FC47F4 /* Signup */ = {
			isa = PBXGroup;
			children = (
				B691FD6F291BE20A00FC47F4 /* ViewModel */,
				B691FD6E291BE20200FC47F4 /* ViewController */,
			);
			path = Signup;
			sourceTree = "<group>";
		};
		B691FD6E291BE20200FC47F4 /* ViewController */ = {
			isa = PBXGroup;
			children = (
				B691FD70291BE22C00FC47F4 /* NicknameViewController.swift */,
				B691FD72291BE23B00FC47F4 /* BirthViewController.swift */,
				B691FD74291BE24500FC47F4 /* EmailViewController.swift */,
				B691FD76291BE24E00FC47F4 /* GenderViewController.swift */,
			);
			path = ViewController;
			sourceTree = "<group>";
		};
		B691FD6F291BE20A00FC47F4 /* ViewModel */ = {
			isa = PBXGroup;
			children = (
				B691FD78291BF40200FC47F4 /* NicknameViewModel.swift */,
				B691FD7C291C1A6F00FC47F4 /* BirthViewModel.swift */,
				B691FD7E291C1A7800FC47F4 /* EmailViewModel.swift */,
				B691FD80291C1A7F00FC47F4 /* GenderViewModel.swift */,
			);
			path = ViewModel;
			sourceTree = "<group>";
		};
		B692E3CF2919132100BEAF22 = {
			isa = PBXGroup;
			children = (
				B692E3DA2919132100BEAF22 /* ServiceLevelProject */,
				B692E3D92919132100BEAF22 /* Products */,
			);
			sourceTree = "<group>";
		};
		B692E3D92919132100BEAF22 /* Products */ = {
			isa = PBXGroup;
			children = (
				B692E3D82919132100BEAF22 /* ServiceLevelProject.app */,
			);
			name = Products;
			sourceTree = "<group>";
		};
		B692E3DA2919132100BEAF22 /* ServiceLevelProject */ = {
			isa = PBXGroup;
			children = (
				B691FD6B291ACDB700FC47F4 /* ServiceLevelProject.entitlements */,
				B620CD1429195C80002CE764 /* Protocol */,
				B620CD0629193522002CE764 /* Extension */,
				B620CD0329192BA9002CE764 /* Utility */,
				B66DD167291DB4140095BE9B /* Network */,
				B69B8806291FD5C9002ECA23 /* Model */,
				B620CCFA29191D5D002CE764 /* Onboarding */,
				B620CD1729196595002CE764 /* Login */,
				B691FD6D291BE1F600FC47F4 /* Signup */,
				B67BDE2529220FD80080EE89 /* Home */,
				B6B7DE4E29342F27007B2D29 /* Chat */,
				B69B8809291FDEC0002ECA23 /* Mypage */,
				B692E3DB2919132100BEAF22 /* AppDelegate.swift */,
				B692E3DD2919132100BEAF22 /* SceneDelegate.swift */,
				B69B880A291FDF10002ECA23 /* MainTabBarController.swift */,
				B69B88102920E9D8002ECA23 /* LaunchViewController.swift */,
				B692E3F7291913DF00BEAF22 /* LaunchScreen.storyboard */,
				B692E3E42919132300BEAF22 /* Assets.xcassets */,
				B66DD16A291DE90C0095BE9B /* GoogleService-Info.plist */,
				B692E3E92919132300BEAF22 /* Info.plist */,
			);
			path = ServiceLevelProject;
			sourceTree = "<group>";
		};
		B69B8806291FD5C9002ECA23 /* Model */ = {
			isa = PBXGroup;
			children = (
				B69B8807291FD5EC002ECA23 /* UserInfo.swift */,
				B67BDE3529245A2B0080EE89 /* UpdateUserInfo.swift */,
				B62A8A7F2926C56500D84D79 /* SearchSesac.swift */,
				B6B7DE79293510A7007B2D29 /* State.swift */,
				B6A0BA7D2938C51100775CAF /* Chat.swift */,
			);
			path = Model;
			sourceTree = "<group>";
		};
		B69B8809291FDEC0002ECA23 /* Mypage */ = {
			isa = PBXGroup;
			children = (
				B67BDE2E29224C480080EE89 /* Mypage.swift */,
				B69B880C291FFAC6002ECA23 /* ViewModel */,
				B69B880D291FFACF002ECA23 /* ViewController */,
				B67BDE0B29220E680080EE89 /* Cell */,
			);
			path = Mypage;
			sourceTree = "<group>";
		};
		B69B880C291FFAC6002ECA23 /* ViewModel */ = {
			isa = PBXGroup;
			children = (
				B67BDE04292106A20080EE89 /* ManageMypageViewModel.swift */,
			);
			path = ViewModel;
			sourceTree = "<group>";
		};
		B69B880D291FFACF002ECA23 /* ViewController */ = {
			isa = PBXGroup;
			children = (
				B69B880E291FFB48002ECA23 /* MypageViewController.swift */,
				B67BDE2A29224AFF0080EE89 /* ManageMypageViewController.swift */,
			);
			path = ViewController;
			sourceTree = "<group>";
		};
		B6B7DE4E29342F27007B2D29 /* Chat */ = {
			isa = PBXGroup;
			children = (
				B6B7DE5329342F6E007B2D29 /* ViewModel */,
				B6B7DE5429342F73007B2D29 /* ViewController */,
				B66514A12938341800B634C9 /* Cell */,
			);
			path = Chat;
			sourceTree = "<group>";
		};
		B6B7DE5329342F6E007B2D29 /* ViewModel */ = {
			isa = PBXGroup;
			children = (
				B6B7DE5129342F69007B2D29 /* ChattingViewModel.swift */,
			);
			path = ViewModel;
			sourceTree = "<group>";
		};
		B6B7DE5429342F73007B2D29 /* ViewController */ = {
			isa = PBXGroup;
			children = (
				B6B7DE4F29342F42007B2D29 /* ChattingViewController.swift */,
			);
			path = ViewController;
			sourceTree = "<group>";
		};
/* End PBXGroup section */

/* Begin PBXNativeTarget section */
		B692E3D72919132100BEAF22 /* ServiceLevelProject */ = {
			isa = PBXNativeTarget;
			buildConfigurationList = B692E3EC2919132300BEAF22 /* Build configuration list for PBXNativeTarget "ServiceLevelProject" */;
			buildPhases = (
				B692E3D42919132100BEAF22 /* Sources */,
				B692E3D52919132100BEAF22 /* Frameworks */,
				B692E3D62919132100BEAF22 /* Resources */,
			);
			buildRules = (
			);
			dependencies = (
			);
			name = ServiceLevelProject;
			packageProductDependencies = (
				B692E3F0291913B800BEAF22 /* SnapKit */,
				B692E3F3291913C700BEAF22 /* RxCocoa */,
				B692E3F5291913C700BEAF22 /* RxSwift */,
				B620CD20291A8CFB002CE764 /* Toast */,
				B66DD16F291EA5090095BE9B /* Alamofire */,
				B66DD172291EA55B0095BE9B /* FirebaseAuth */,
				B66DD174291EA55B0095BE9B /* FirebaseMessaging */,
				B67BDE332923F00E0080EE89 /* DoubleSlider */,
				B62A8A98292FB56800D84D79 /* Tabman */,
				B66514B129389C2400B634C9 /* SocketIO */,
			);
			productName = ServiceLevelProject;
			productReference = B692E3D82919132100BEAF22 /* ServiceLevelProject.app */;
			productType = "com.apple.product-type.application";
		};
/* End PBXNativeTarget section */

/* Begin PBXProject section */
		B692E3D02919132100BEAF22 /* Project object */ = {
			isa = PBXProject;
			attributes = {
				BuildIndependentTargetsInParallel = 1;
				LastSwiftUpdateCheck = 1400;
				LastUpgradeCheck = 1400;
				TargetAttributes = {
					B692E3D72919132100BEAF22 = {
						CreatedOnToolsVersion = 14.0.1;
					};
				};
			};
			buildConfigurationList = B692E3D32919132100BEAF22 /* Build configuration list for PBXProject "ServiceLevelProject" */;
			compatibilityVersion = "Xcode 14.0";
			developmentRegion = en;
			hasScannedForEncodings = 0;
			knownRegions = (
				en,
				Base,
			);
			mainGroup = B692E3CF2919132100BEAF22;
			packageReferences = (
				B692E3EF291913B800BEAF22 /* XCRemoteSwiftPackageReference "SnapKit" */,
				B692E3F2291913C700BEAF22 /* XCRemoteSwiftPackageReference "RxSwift" */,
				B620CD1F291A8CFB002CE764 /* XCRemoteSwiftPackageReference "Toast-Swift" */,
				B66DD16E291EA5080095BE9B /* XCRemoteSwiftPackageReference "Alamofire" */,
				B66DD171291EA55B0095BE9B /* XCRemoteSwiftPackageReference "firebase-ios-sdk" */,
				B67BDE322923F00E0080EE89 /* XCRemoteSwiftPackageReference "DoubleSlider" */,
				B62A8A97292FB56700D84D79 /* XCRemoteSwiftPackageReference "Tabman" */,
				B66514B029389C2400B634C9 /* XCRemoteSwiftPackageReference "socket.io-client-swift" */,
			);
			productRefGroup = B692E3D92919132100BEAF22 /* Products */;
			projectDirPath = "";
			projectRoot = "";
			targets = (
				B692E3D72919132100BEAF22 /* ServiceLevelProject */,
			);
		};
/* End PBXProject section */

/* Begin PBXResourcesBuildPhase section */
		B692E3D62919132100BEAF22 /* Resources */ = {
			isa = PBXResourcesBuildPhase;
			buildActionMask = 2147483647;
			files = (
				B692E3E52919132300BEAF22 /* Assets.xcassets in Resources */,
				B692E3F8291913DF00BEAF22 /* LaunchScreen.storyboard in Resources */,
				B66DD16B291DE90C0095BE9B /* GoogleService-Info.plist in Resources */,
			);
			runOnlyForDeploymentPostprocessing = 0;
		};
/* End PBXResourcesBuildPhase section */

/* Begin PBXSourcesBuildPhase section */
		B692E3D42919132100BEAF22 /* Sources */ = {
			isa = PBXSourcesBuildPhase;
			buildActionMask = 2147483647;
			files = (
				B6B7DE4929339E7D007B2D29 /* SearchTabmanViewController.swift in Sources */,
				B6B7DE4D2933A32E007B2D29 /* RequestReceivedViewController.swift in Sources */,
				B691FD79291BF40200FC47F4 /* NicknameViewModel.swift in Sources */,
				B66DD177291F876A0095BE9B /* Endpoint.swift in Sources */,
				B620CD0529192BFE002CE764 /* ImageSet.swift in Sources */,
				B692E3E02919132100BEAF22 /* LoginViewController.swift in Sources */,
				B66DD179291FB78F0095BE9B /* Date+Extension.swift in Sources */,
				B620CD0E2919532E002CE764 /* UILabel+Extension.swift in Sources */,
				B620CD122919572E002CE764 /* UIColor+Extension.swift in Sources */,
				B6B7DE5029342F42007B2D29 /* ChattingViewController.swift in Sources */,
				B62A8A96292FA0AA00D84D79 /* SearchResultViewModel.swift in Sources */,
				B620CD0829193540002CE764 /* UIImage+Extension.swift in Sources */,
				B691FD77291BE24E00FC47F4 /* GenderViewController.swift in Sources */,
				B6A0BA7E2938C51100775CAF /* Chat.swift in Sources */,
				B69B8805291FCD8A002ECA23 /* APIStatusCode.swift in Sources */,
				B692E3DC2919132100BEAF22 /* AppDelegate.swift in Sources */,
				B62A8A8A292D517E00D84D79 /* StudyListLayout.swift in Sources */,
				B66514AF29389BEA00B634C9 /* SocketIOManager.swift in Sources */,
				B620CD19291965F3002CE764 /* LoginViewModel.swift in Sources */,
				B62A8A88292D172D00D84D79 /* StudySearchCollectionViewCell.swift in Sources */,
				B620CD1D291979FF002CE764 /* AuthViewModel.swift in Sources */,
				B6B7DE4B2933A319007B2D29 /* NearbyViewController.swift in Sources */,
				B620CD0A29194C9C002CE764 /* TextSet.swift in Sources */,
				B691FD7D291C1A6F00FC47F4 /* BirthViewModel.swift in Sources */,
				B691FD81291C1A7F00FC47F4 /* GenderViewModel.swift in Sources */,
				B620CD1B291979F8002CE764 /* AuthViewController.swift in Sources */,
				B66DD169291DB43F0095BE9B /* FirebaseAuth.swift in Sources */,
				B620CD1029195449002CE764 /* ColorSet.swift in Sources */,
				B67BDE2B29224AFF0080EE89 /* ManageMypageViewController.swift in Sources */,
				B69B880F291FFB48002ECA23 /* MypageViewController.swift in Sources */,
				B69B8808291FD5EC002ECA23 /* UserInfo.swift in Sources */,
				B6B7DE76293506F3007B2D29 /* NearbyViewModel.swift in Sources */,
				B67BDE31292269C60080EE89 /* ResusableView.swift in Sources */,
				B69B88152920FBE2002ECA23 /* UIViewController+Extension.swift in Sources */,
				B620CCFE291925D2002CE764 /* OnboardingViewController.swift in Sources */,
				B66514AB29388E7B00B634C9 /* MyChatTableViewCell.swift in Sources */,
				B69B880B291FDF10002ECA23 /* MainTabBarController.swift in Sources */,
				B66514A32938346A00B634C9 /* OtherUserChatTableViewCell.swift in Sources */,
				B62A8A9B292FB7AD00D84D79 /* SearchResultTableViewCell.swift in Sources */,
				B691FD7F291C1A7800FC47F4 /* EmailViewModel.swift in Sources */,
				B67BDE05292106A20080EE89 /* ManageMypageViewModel.swift in Sources */,
				B692E3DE2919132100BEAF22 /* SceneDelegate.swift in Sources */,
				B69B88112920E9D8002ECA23 /* LaunchViewController.swift in Sources */,
				B6B7DE5229342F69007B2D29 /* ChattingViewModel.swift in Sources */,
				B62A8A7E2926B7C300D84D79 /* CustomAnnotation.swift in Sources */,
				B66DD16D291DEEFA0095BE9B /* APIManager.swift in Sources */,
				B62A8A8C292D59EC00D84D79 /* StudySearchCollectionViewHeader.swift in Sources */,
				B62A8A802926C56500D84D79 /* SearchSesac.swift in Sources */,
				B62A8A90292E64DA00D84D79 /* StudySearchViewModel.swift in Sources */,
				B620CD0C29194F34002CE764 /* String+Extension.swift in Sources */,
				B620CD1629195CBC002CE764 /* CustomView.swift in Sources */,
				B6B7DE7A293510A7007B2D29 /* State.swift in Sources */,
				B67BDE2929224A1E0080EE89 /* MypageTableViewCell.swift in Sources */,
				B67BDE2F29224C480080EE89 /* Mypage.swift in Sources */,
				B62A8A9D292FB97900D84D79 /* CardView.swift in Sources */,
				B691FD71291BE22C00FC47F4 /* NicknameViewController.swift in Sources */,
				B66DD166291DAD910095BE9B /* UserDefaults+Extension.swift in Sources */,
				B691FD73291BE23B00FC47F4 /* BirthViewController.swift in Sources */,
				B67BDE072921D4E00080EE89 /* HomeViewController.swift in Sources */,
				B620CCFC29192559002CE764 /* OnboardingPageViewController.swift in Sources */,
				B62A8A822926C72F00D84D79 /* StudySearchViewController.swift in Sources */,
				B6B7DE782935070B007B2D29 /* RequestReceivedViewModel.swift in Sources */,
				B67BDE03292102700080EE89 /* NetworkCheck.swift in Sources */,
				B67BDE2D29224BB30080EE89 /* MypageNicknameTableViewCell.swift in Sources */,
				B691FD75291BE24500FC47F4 /* EmailViewController.swift in Sources */,
				B69B88132920F76B002ECA23 /* UINavigationController+Extension.swift in Sources */,
				B62A8A94292FA09E00D84D79 /* SearchResultViewController.swift in Sources */,
				B62A8A92292F128500D84D79 /* Sequence+Extension.swift in Sources */,
				B67BDE3629245A2B0080EE89 /* UpdateUserInfo.swift in Sources */,
			);
			runOnlyForDeploymentPostprocessing = 0;
		};
/* End PBXSourcesBuildPhase section */

/* Begin XCBuildConfiguration section */
		B692E3EA2919132300BEAF22 /* Debug */ = {
			isa = XCBuildConfiguration;
			buildSettings = {
				ALWAYS_SEARCH_USER_PATHS = NO;
				CLANG_ANALYZER_NONNULL = YES;
				CLANG_ANALYZER_NUMBER_OBJECT_CONVERSION = YES_AGGRESSIVE;
				CLANG_CXX_LANGUAGE_STANDARD = "gnu++20";
				CLANG_ENABLE_MODULES = YES;
				CLANG_ENABLE_OBJC_ARC = YES;
				CLANG_ENABLE_OBJC_WEAK = YES;
				CLANG_WARN_BLOCK_CAPTURE_AUTORELEASING = YES;
				CLANG_WARN_BOOL_CONVERSION = YES;
				CLANG_WARN_COMMA = YES;
				CLANG_WARN_CONSTANT_CONVERSION = YES;
				CLANG_WARN_DEPRECATED_OBJC_IMPLEMENTATIONS = YES;
				CLANG_WARN_DIRECT_OBJC_ISA_USAGE = YES_ERROR;
				CLANG_WARN_DOCUMENTATION_COMMENTS = YES;
				CLANG_WARN_EMPTY_BODY = YES;
				CLANG_WARN_ENUM_CONVERSION = YES;
				CLANG_WARN_INFINITE_RECURSION = YES;
				CLANG_WARN_INT_CONVERSION = YES;
				CLANG_WARN_NON_LITERAL_NULL_CONVERSION = YES;
				CLANG_WARN_OBJC_IMPLICIT_RETAIN_SELF = YES;
				CLANG_WARN_OBJC_LITERAL_CONVERSION = YES;
				CLANG_WARN_OBJC_ROOT_CLASS = YES_ERROR;
				CLANG_WARN_QUOTED_INCLUDE_IN_FRAMEWORK_HEADER = YES;
				CLANG_WARN_RANGE_LOOP_ANALYSIS = YES;
				CLANG_WARN_STRICT_PROTOTYPES = YES;
				CLANG_WARN_SUSPICIOUS_MOVE = YES;
				CLANG_WARN_UNGUARDED_AVAILABILITY = YES_AGGRESSIVE;
				CLANG_WARN_UNREACHABLE_CODE = YES;
				CLANG_WARN__DUPLICATE_METHOD_MATCH = YES;
				COPY_PHASE_STRIP = NO;
				DEBUG_INFORMATION_FORMAT = dwarf;
				ENABLE_STRICT_OBJC_MSGSEND = YES;
				ENABLE_TESTABILITY = YES;
				GCC_C_LANGUAGE_STANDARD = gnu11;
				GCC_DYNAMIC_NO_PIC = NO;
				GCC_NO_COMMON_BLOCKS = YES;
				GCC_OPTIMIZATION_LEVEL = 0;
				GCC_PREPROCESSOR_DEFINITIONS = (
					"DEBUG=1",
					"$(inherited)",
				);
				GCC_WARN_64_TO_32_BIT_CONVERSION = YES;
				GCC_WARN_ABOUT_RETURN_TYPE = YES_ERROR;
				GCC_WARN_UNDECLARED_SELECTOR = YES;
				GCC_WARN_UNINITIALIZED_AUTOS = YES_AGGRESSIVE;
				GCC_WARN_UNUSED_FUNCTION = YES;
				GCC_WARN_UNUSED_VARIABLE = YES;
				IPHONEOS_DEPLOYMENT_TARGET = 16.0;
				MTL_ENABLE_DEBUG_INFO = INCLUDE_SOURCE;
				MTL_FAST_MATH = YES;
				ONLY_ACTIVE_ARCH = YES;
				SDKROOT = iphoneos;
				SWIFT_ACTIVE_COMPILATION_CONDITIONS = DEBUG;
				SWIFT_OPTIMIZATION_LEVEL = "-Onone";
			};
			name = Debug;
		};
		B692E3EB2919132300BEAF22 /* Release */ = {
			isa = XCBuildConfiguration;
			buildSettings = {
				ALWAYS_SEARCH_USER_PATHS = NO;
				CLANG_ANALYZER_NONNULL = YES;
				CLANG_ANALYZER_NUMBER_OBJECT_CONVERSION = YES_AGGRESSIVE;
				CLANG_CXX_LANGUAGE_STANDARD = "gnu++20";
				CLANG_ENABLE_MODULES = YES;
				CLANG_ENABLE_OBJC_ARC = YES;
				CLANG_ENABLE_OBJC_WEAK = YES;
				CLANG_WARN_BLOCK_CAPTURE_AUTORELEASING = YES;
				CLANG_WARN_BOOL_CONVERSION = YES;
				CLANG_WARN_COMMA = YES;
				CLANG_WARN_CONSTANT_CONVERSION = YES;
				CLANG_WARN_DEPRECATED_OBJC_IMPLEMENTATIONS = YES;
				CLANG_WARN_DIRECT_OBJC_ISA_USAGE = YES_ERROR;
				CLANG_WARN_DOCUMENTATION_COMMENTS = YES;
				CLANG_WARN_EMPTY_BODY = YES;
				CLANG_WARN_ENUM_CONVERSION = YES;
				CLANG_WARN_INFINITE_RECURSION = YES;
				CLANG_WARN_INT_CONVERSION = YES;
				CLANG_WARN_NON_LITERAL_NULL_CONVERSION = YES;
				CLANG_WARN_OBJC_IMPLICIT_RETAIN_SELF = YES;
				CLANG_WARN_OBJC_LITERAL_CONVERSION = YES;
				CLANG_WARN_OBJC_ROOT_CLASS = YES_ERROR;
				CLANG_WARN_QUOTED_INCLUDE_IN_FRAMEWORK_HEADER = YES;
				CLANG_WARN_RANGE_LOOP_ANALYSIS = YES;
				CLANG_WARN_STRICT_PROTOTYPES = YES;
				CLANG_WARN_SUSPICIOUS_MOVE = YES;
				CLANG_WARN_UNGUARDED_AVAILABILITY = YES_AGGRESSIVE;
				CLANG_WARN_UNREACHABLE_CODE = YES;
				CLANG_WARN__DUPLICATE_METHOD_MATCH = YES;
				COPY_PHASE_STRIP = NO;
				DEBUG_INFORMATION_FORMAT = "dwarf-with-dsym";
				ENABLE_NS_ASSERTIONS = NO;
				ENABLE_STRICT_OBJC_MSGSEND = YES;
				GCC_C_LANGUAGE_STANDARD = gnu11;
				GCC_NO_COMMON_BLOCKS = YES;
				GCC_WARN_64_TO_32_BIT_CONVERSION = YES;
				GCC_WARN_ABOUT_RETURN_TYPE = YES_ERROR;
				GCC_WARN_UNDECLARED_SELECTOR = YES;
				GCC_WARN_UNINITIALIZED_AUTOS = YES_AGGRESSIVE;
				GCC_WARN_UNUSED_FUNCTION = YES;
				GCC_WARN_UNUSED_VARIABLE = YES;
				IPHONEOS_DEPLOYMENT_TARGET = 16.0;
				MTL_ENABLE_DEBUG_INFO = NO;
				MTL_FAST_MATH = YES;
				SDKROOT = iphoneos;
				SWIFT_COMPILATION_MODE = wholemodule;
				SWIFT_OPTIMIZATION_LEVEL = "-O";
				VALIDATE_PRODUCT = YES;
			};
			name = Release;
		};
		B692E3ED2919132300BEAF22 /* Debug */ = {
			isa = XCBuildConfiguration;
			buildSettings = {
				ASSETCATALOG_COMPILER_APPICON_NAME = AppIcon;
				ASSETCATALOG_COMPILER_GLOBAL_ACCENT_COLOR_NAME = AccentColor;
				CODE_SIGN_ENTITLEMENTS = ServiceLevelProject/ServiceLevelProject.entitlements;
				CODE_SIGN_STYLE = Automatic;
				CURRENT_PROJECT_VERSION = 1;
				DEVELOPMENT_TEAM = 2RFRSG9M26;
				GENERATE_INFOPLIST_FILE = YES;
				INFOPLIST_FILE = ServiceLevelProject/Info.plist;
				INFOPLIST_KEY_UIApplicationSupportsIndirectInputEvents = YES;
				INFOPLIST_KEY_UILaunchStoryboardName = LaunchScreen;
				INFOPLIST_KEY_UISupportedInterfaceOrientations_iPad = "UIInterfaceOrientationPortrait UIInterfaceOrientationPortraitUpsideDown UIInterfaceOrientationLandscapeLeft UIInterfaceOrientationLandscapeRight";
				INFOPLIST_KEY_UISupportedInterfaceOrientations_iPhone = "UIInterfaceOrientationPortrait UIInterfaceOrientationLandscapeLeft UIInterfaceOrientationLandscapeRight";
				IPHONEOS_DEPLOYMENT_TARGET = 15.0;
				LD_RUNPATH_SEARCH_PATHS = (
					"$(inherited)",
					"@executable_path/Frameworks",
				);
				MARKETING_VERSION = 1.0;
				PRODUCT_BUNDLE_IDENTIFIER = com.memolease.sesacslp;
				PRODUCT_NAME = "$(TARGET_NAME)";
				SWIFT_EMIT_LOC_STRINGS = YES;
				SWIFT_VERSION = 5.0;
				TARGETED_DEVICE_FAMILY = "1,2";
			};
			name = Debug;
		};
		B692E3EE2919132300BEAF22 /* Release */ = {
			isa = XCBuildConfiguration;
			buildSettings = {
				ASSETCATALOG_COMPILER_APPICON_NAME = AppIcon;
				ASSETCATALOG_COMPILER_GLOBAL_ACCENT_COLOR_NAME = AccentColor;
				CODE_SIGN_ENTITLEMENTS = ServiceLevelProject/ServiceLevelProject.entitlements;
				CODE_SIGN_STYLE = Automatic;
				CURRENT_PROJECT_VERSION = 1;
				DEVELOPMENT_TEAM = 2RFRSG9M26;
				GENERATE_INFOPLIST_FILE = YES;
				INFOPLIST_FILE = ServiceLevelProject/Info.plist;
				INFOPLIST_KEY_UIApplicationSupportsIndirectInputEvents = YES;
				INFOPLIST_KEY_UILaunchStoryboardName = LaunchScreen;
				INFOPLIST_KEY_UISupportedInterfaceOrientations_iPad = "UIInterfaceOrientationPortrait UIInterfaceOrientationPortraitUpsideDown UIInterfaceOrientationLandscapeLeft UIInterfaceOrientationLandscapeRight";
				INFOPLIST_KEY_UISupportedInterfaceOrientations_iPhone = "UIInterfaceOrientationPortrait UIInterfaceOrientationLandscapeLeft UIInterfaceOrientationLandscapeRight";
				IPHONEOS_DEPLOYMENT_TARGET = 15.0;
				LD_RUNPATH_SEARCH_PATHS = (
					"$(inherited)",
					"@executable_path/Frameworks",
				);
				MARKETING_VERSION = 1.0;
				PRODUCT_BUNDLE_IDENTIFIER = com.memolease.sesacslp;
				PRODUCT_NAME = "$(TARGET_NAME)";
				SWIFT_EMIT_LOC_STRINGS = YES;
				SWIFT_VERSION = 5.0;
				TARGETED_DEVICE_FAMILY = "1,2";
			};
			name = Release;
		};
/* End XCBuildConfiguration section */

/* Begin XCConfigurationList section */
		B692E3D32919132100BEAF22 /* Build configuration list for PBXProject "ServiceLevelProject" */ = {
			isa = XCConfigurationList;
			buildConfigurations = (
				B692E3EA2919132300BEAF22 /* Debug */,
				B692E3EB2919132300BEAF22 /* Release */,
			);
			defaultConfigurationIsVisible = 0;
			defaultConfigurationName = Release;
		};
		B692E3EC2919132300BEAF22 /* Build configuration list for PBXNativeTarget "ServiceLevelProject" */ = {
			isa = XCConfigurationList;
			buildConfigurations = (
				B692E3ED2919132300BEAF22 /* Debug */,
				B692E3EE2919132300BEAF22 /* Release */,
			);
			defaultConfigurationIsVisible = 0;
			defaultConfigurationName = Release;
		};
/* End XCConfigurationList section */

/* Begin XCRemoteSwiftPackageReference section */
		B620CD1F291A8CFB002CE764 /* XCRemoteSwiftPackageReference "Toast-Swift" */ = {
			isa = XCRemoteSwiftPackageReference;
			repositoryURL = "https://github.com/scalessec/Toast-Swift.git";
			requirement = {
				kind = upToNextMajorVersion;
				minimumVersion = 5.0.0;
			};
		};
		B62A8A97292FB56700D84D79 /* XCRemoteSwiftPackageReference "Tabman" */ = {
			isa = XCRemoteSwiftPackageReference;
			repositoryURL = "https://github.com/uias/Tabman";
			requirement = {
				kind = upToNextMajorVersion;
				minimumVersion = 3.0.0;
			};
		};
		B66514B029389C2400B634C9 /* XCRemoteSwiftPackageReference "socket.io-client-swift" */ = {
			isa = XCRemoteSwiftPackageReference;
			repositoryURL = "https://github.com/socketio/socket.io-client-swift.git";
			requirement = {
				kind = upToNextMajorVersion;
				minimumVersion = 16.0.1;
			};
		};
		B66DD16E291EA5080095BE9B /* XCRemoteSwiftPackageReference "Alamofire" */ = {
			isa = XCRemoteSwiftPackageReference;
			repositoryURL = "https://github.com/Alamofire/Alamofire.git";
			requirement = {
				kind = upToNextMajorVersion;
				minimumVersion = 5.0.0;
			};
		};
		B66DD171291EA55B0095BE9B /* XCRemoteSwiftPackageReference "firebase-ios-sdk" */ = {
			isa = XCRemoteSwiftPackageReference;
			repositoryURL = "https://github.com/firebase/firebase-ios-sdk";
			requirement = {
				kind = upToNextMajorVersion;
				minimumVersion = 9.0.0;
			};
		};
		B67BDE322923F00E0080EE89 /* XCRemoteSwiftPackageReference "DoubleSlider" */ = {
			isa = XCRemoteSwiftPackageReference;
			repositoryURL = "https://github.com/yhkaplan/DoubleSlider.git";
			requirement = {
				kind = upToNextMajorVersion;
				minimumVersion = 1.0.0;
			};
		};
		B692E3EF291913B800BEAF22 /* XCRemoteSwiftPackageReference "SnapKit" */ = {
			isa = XCRemoteSwiftPackageReference;
			repositoryURL = "https://github.com/SnapKit/SnapKit.git";
			requirement = {
				kind = upToNextMajorVersion;
				minimumVersion = 5.0.0;
			};
		};
		B692E3F2291913C700BEAF22 /* XCRemoteSwiftPackageReference "RxSwift" */ = {
			isa = XCRemoteSwiftPackageReference;
			repositoryURL = "https://github.com/ReactiveX/RxSwift.git";
			requirement = {
				kind = upToNextMajorVersion;
				minimumVersion = 6.0.0;
			};
		};
/* End XCRemoteSwiftPackageReference section */

/* Begin XCSwiftPackageProductDependency section */
		B620CD20291A8CFB002CE764 /* Toast */ = {
			isa = XCSwiftPackageProductDependency;
			package = B620CD1F291A8CFB002CE764 /* XCRemoteSwiftPackageReference "Toast-Swift" */;
			productName = Toast;
		};
		B62A8A98292FB56800D84D79 /* Tabman */ = {
			isa = XCSwiftPackageProductDependency;
			package = B62A8A97292FB56700D84D79 /* XCRemoteSwiftPackageReference "Tabman" */;
			productName = Tabman;
		};
		B66514B129389C2400B634C9 /* SocketIO */ = {
			isa = XCSwiftPackageProductDependency;
			package = B66514B029389C2400B634C9 /* XCRemoteSwiftPackageReference "socket.io-client-swift" */;
			productName = SocketIO;
		};
		B66DD16F291EA5090095BE9B /* Alamofire */ = {
			isa = XCSwiftPackageProductDependency;
			package = B66DD16E291EA5080095BE9B /* XCRemoteSwiftPackageReference "Alamofire" */;
			productName = Alamofire;
		};
		B66DD172291EA55B0095BE9B /* FirebaseAuth */ = {
			isa = XCSwiftPackageProductDependency;
			package = B66DD171291EA55B0095BE9B /* XCRemoteSwiftPackageReference "firebase-ios-sdk" */;
			productName = FirebaseAuth;
		};
		B66DD174291EA55B0095BE9B /* FirebaseMessaging */ = {
			isa = XCSwiftPackageProductDependency;
			package = B66DD171291EA55B0095BE9B /* XCRemoteSwiftPackageReference "firebase-ios-sdk" */;
			productName = FirebaseMessaging;
		};
		B67BDE332923F00E0080EE89 /* DoubleSlider */ = {
			isa = XCSwiftPackageProductDependency;
			package = B67BDE322923F00E0080EE89 /* XCRemoteSwiftPackageReference "DoubleSlider" */;
			productName = DoubleSlider;
		};
		B692E3F0291913B800BEAF22 /* SnapKit */ = {
			isa = XCSwiftPackageProductDependency;
			package = B692E3EF291913B800BEAF22 /* XCRemoteSwiftPackageReference "SnapKit" */;
			productName = SnapKit;
		};
		B692E3F3291913C700BEAF22 /* RxCocoa */ = {
			isa = XCSwiftPackageProductDependency;
			package = B692E3F2291913C700BEAF22 /* XCRemoteSwiftPackageReference "RxSwift" */;
			productName = RxCocoa;
		};
		B692E3F5291913C700BEAF22 /* RxSwift */ = {
			isa = XCSwiftPackageProductDependency;
			package = B692E3F2291913C700BEAF22 /* XCRemoteSwiftPackageReference "RxSwift" */;
			productName = RxSwift;
		};
/* End XCSwiftPackageProductDependency section */
	};
	rootObject = B692E3D02919132100BEAF22 /* Project object */;
}
